// !$*UTF8*$!
{
	archiveVersion = 1;
	classes = {
	};
	objectVersion = 56;
	objects = {

/* Begin PBXBuildFile section */
		AE70B3F129004456002E00E5 /* AppDelegate.swift in Sources */ = {isa = PBXBuildFile; fileRef = AE70B3F029004456002E00E5 /* AppDelegate.swift */; };
		AE70B3F329004456002E00E5 /* SceneDelegate.swift in Sources */ = {isa = PBXBuildFile; fileRef = AE70B3F229004456002E00E5 /* SceneDelegate.swift */; };
		AE70B3F829004456002E00E5 /* Main.storyboard in Resources */ = {isa = PBXBuildFile; fileRef = AE70B3F629004456002E00E5 /* Main.storyboard */; };
		AE70B3FB29004456002E00E5 /* ContactList.xcdatamodeld in Sources */ = {isa = PBXBuildFile; fileRef = AE70B3F929004456002E00E5 /* ContactList.xcdatamodeld */; };
		AE70B3FD29004456002E00E5 /* Assets.xcassets in Resources */ = {isa = PBXBuildFile; fileRef = AE70B3FC29004456002E00E5 /* Assets.xcassets */; };
		AE70B40029004456002E00E5 /* LaunchScreen.storyboard in Resources */ = {isa = PBXBuildFile; fileRef = AE70B3FE29004456002E00E5 /* LaunchScreen.storyboard */; };
		AE70B40B29004AF2002E00E5 /* ContactsTableCell.swift in Sources */ = {isa = PBXBuildFile; fileRef = AE70B40929004AF2002E00E5 /* ContactsTableCell.swift */; };
		AE70B40C29004AF2002E00E5 /* ContactsTableCell.xib in Resources */ = {isa = PBXBuildFile; fileRef = AE70B40A29004AF2002E00E5 /* ContactsTableCell.xib */; };
		AE70B40E290050AE002E00E5 /* ContactListVC.swift in Sources */ = {isa = PBXBuildFile; fileRef = AE70B40D290050AE002E00E5 /* ContactListVC.swift */; };
		AE70B41029005AD0002E00E5 /* Parser.swift in Sources */ = {isa = PBXBuildFile; fileRef = AE70B40F29005AD0002E00E5 /* Parser.swift */; };
		AE70B41229005AE6002E00E5 /* UserModel.swift in Sources */ = {isa = PBXBuildFile; fileRef = AE70B41129005AE6002E00E5 /* UserModel.swift */; };
		AE9FD06E2905AA6F0014F1F3 /* User+CoreDataClass.swift in Sources */ = {isa = PBXBuildFile; fileRef = AE9FD06C2905AA6F0014F1F3 /* User+CoreDataClass.swift */; };
		AE9FD06F2905AA6F0014F1F3 /* User+CoreDataProperties.swift in Sources */ = {isa = PBXBuildFile; fileRef = AE9FD06D2905AA6F0014F1F3 /* User+CoreDataProperties.swift */; };
		EE78E6495AE9E13FF6E69B76 /* Pods_ContactList.framework in Frameworks */ = {isa = PBXBuildFile; fileRef = 97661F5BB6415B0EBDA89DD0 /* Pods_ContactList.framework */; };
/* End PBXBuildFile section */

/* Begin PBXFileReference section */
		4417D584C472337DEB4F8089 /* Pods-ContactList.release.xcconfig */ = {isa = PBXFileReference; includeInIndex = 1; lastKnownFileType = text.xcconfig; name = "Pods-ContactList.release.xcconfig"; path = "Target Support Files/Pods-ContactList/Pods-ContactList.release.xcconfig"; sourceTree = "<group>"; };
		97661F5BB6415B0EBDA89DD0 /* Pods_ContactList.framework */ = {isa = PBXFileReference; explicitFileType = wrapper.framework; includeInIndex = 0; path = Pods_ContactList.framework; sourceTree = BUILT_PRODUCTS_DIR; };
		9AB41D4D625223658619D12C /* Pods-ContactList.debug.xcconfig */ = {isa = PBXFileReference; includeInIndex = 1; lastKnownFileType = text.xcconfig; name = "Pods-ContactList.debug.xcconfig"; path = "Target Support Files/Pods-ContactList/Pods-ContactList.debug.xcconfig"; sourceTree = "<group>"; };
		AE70B3ED29004456002E00E5 /* ContactList.app */ = {isa = PBXFileReference; explicitFileType = wrapper.application; includeInIndex = 0; path = ContactList.app; sourceTree = BUILT_PRODUCTS_DIR; };
		AE70B3F029004456002E00E5 /* AppDelegate.swift */ = {isa = PBXFileReference; lastKnownFileType = sourcecode.swift; path = AppDelegate.swift; sourceTree = "<group>"; };
		AE70B3F229004456002E00E5 /* SceneDelegate.swift */ = {isa = PBXFileReference; lastKnownFileType = sourcecode.swift; path = SceneDelegate.swift; sourceTree = "<group>"; };
		AE70B3F729004456002E00E5 /* Base */ = {isa = PBXFileReference; lastKnownFileType = file.storyboard; name = Base; path = Base.lproj/Main.storyboard; sourceTree = "<group>"; };
		AE70B3FA29004456002E00E5 /* ContactList.xcdatamodel */ = {isa = PBXFileReference; lastKnownFileType = wrapper.xcdatamodel; path = ContactList.xcdatamodel; sourceTree = "<group>"; };
		AE70B3FC29004456002E00E5 /* Assets.xcassets */ = {isa = PBXFileReference; lastKnownFileType = folder.assetcatalog; path = Assets.xcassets; sourceTree = "<group>"; };
		AE70B3FF29004456002E00E5 /* Base */ = {isa = PBXFileReference; lastKnownFileType = file.storyboard; name = Base; path = Base.lproj/LaunchScreen.storyboard; sourceTree = "<group>"; };
		AE70B40129004456002E00E5 /* Info.plist */ = {isa = PBXFileReference; lastKnownFileType = text.plist.xml; path = Info.plist; sourceTree = "<group>"; };
		AE70B40929004AF2002E00E5 /* ContactsTableCell.swift */ = {isa = PBXFileReference; lastKnownFileType = sourcecode.swift; path = ContactsTableCell.swift; sourceTree = "<group>"; };
		AE70B40A29004AF2002E00E5 /* ContactsTableCell.xib */ = {isa = PBXFileReference; lastKnownFileType = file.xib; path = ContactsTableCell.xib; sourceTree = "<group>"; };
		AE70B40D290050AE002E00E5 /* ContactListVC.swift */ = {isa = PBXFileReference; lastKnownFileType = sourcecode.swift; path = ContactListVC.swift; sourceTree = "<group>"; };
		AE70B40F29005AD0002E00E5 /* Parser.swift */ = {isa = PBXFileReference; lastKnownFileType = sourcecode.swift; path = Parser.swift; sourceTree = "<group>"; };
		AE70B41129005AE6002E00E5 /* UserModel.swift */ = {isa = PBXFileReference; lastKnownFileType = sourcecode.swift; path = UserModel.swift; sourceTree = "<group>"; };
		AE9FD06C2905AA6F0014F1F3 /* User+CoreDataClass.swift */ = {isa = PBXFileReference; lastKnownFileType = sourcecode.swift; path = "User+CoreDataClass.swift"; sourceTree = SOURCE_ROOT; };
		AE9FD06D2905AA6F0014F1F3 /* User+CoreDataProperties.swift */ = {isa = PBXFileReference; lastKnownFileType = sourcecode.swift; path = "User+CoreDataProperties.swift"; sourceTree = SOURCE_ROOT; };
/* End PBXFileReference section */

/* Begin PBXFrameworksBuildPhase section */
		AE70B3EA29004456002E00E5 /* Frameworks */ = {
			isa = PBXFrameworksBuildPhase;
			buildActionMask = 2147483647;
			files = (
				EE78E6495AE9E13FF6E69B76 /* Pods_ContactList.framework in Frameworks */,
			);
			runOnlyForDeploymentPostprocessing = 0;
		};
/* End PBXFrameworksBuildPhase section */

/* Begin PBXGroup section */
		69C21722B1F45DC6303B60FE /* Pods */ = {
			isa = PBXGroup;
			children = (
				9AB41D4D625223658619D12C /* Pods-ContactList.debug.xcconfig */,
				4417D584C472337DEB4F8089 /* Pods-ContactList.release.xcconfig */,
			);
			path = Pods;
			sourceTree = "<group>";
		};
		87984584E194664E0563463C /* Frameworks */ = {
			isa = PBXGroup;
			children = (
				97661F5BB6415B0EBDA89DD0 /* Pods_ContactList.framework */,
			);
			name = Frameworks;
			sourceTree = "<group>";
		};
		AE70B3E429004456002E00E5 = {
			isa = PBXGroup;
			children = (
				AE70B3EF29004456002E00E5 /* ContactList */,
				AE70B3EE29004456002E00E5 /* Products */,
				69C21722B1F45DC6303B60FE /* Pods */,
				87984584E194664E0563463C /* Frameworks */,
			);
			sourceTree = "<group>";
		};
		AE70B3EE29004456002E00E5 /* Products */ = {
			isa = PBXGroup;
			children = (
				AE70B3ED29004456002E00E5 /* ContactList.app */,
			);
			name = Products;
			sourceTree = "<group>";
		};
		AE70B3EF29004456002E00E5 /* ContactList */ = {
			isa = PBXGroup;
			children = (
				AE9FD061290590160014F1F3 /* UserCoreData */,
				AE70B3F029004456002E00E5 /* AppDelegate.swift */,
				AE70B3F229004456002E00E5 /* SceneDelegate.swift */,
				AE70B40929004AF2002E00E5 /* ContactsTableCell.swift */,
				AE70B40D290050AE002E00E5 /* ContactListVC.swift */,
				AE70B40F29005AD0002E00E5 /* Parser.swift */,
				AE70B41129005AE6002E00E5 /* UserModel.swift */,
				AE70B40A29004AF2002E00E5 /* ContactsTableCell.xib */,
				AE70B3F629004456002E00E5 /* Main.storyboard */,
				AE70B3FC29004456002E00E5 /* Assets.xcassets */,
				AE70B3FE29004456002E00E5 /* LaunchScreen.storyboard */,
				AE70B40129004456002E00E5 /* Info.plist */,
				AE70B3F929004456002E00E5 /* ContactList.xcdatamodeld */,
			);
			path = ContactList;
			sourceTree = "<group>";
		};
		AE9FD061290590160014F1F3 /* UserCoreData */ = {
			isa = PBXGroup;
			children = (
				AE9FD06C2905AA6F0014F1F3 /* User+CoreDataClass.swift */,
				AE9FD06D2905AA6F0014F1F3 /* User+CoreDataProperties.swift */,
			);
			path = UserCoreData;
			sourceTree = "<group>";
		};
/* End PBXGroup section */

/* Begin PBXNativeTarget section */
		AE70B3EC29004456002E00E5 /* ContactList */ = {
			isa = PBXNativeTarget;
			buildConfigurationList = AE70B40429004456002E00E5 /* Build configuration list for PBXNativeTarget "ContactList" */;
			buildPhases = (
				1BA6971BC94247FD0CFCCCB3 /* [CP] Check Pods Manifest.lock */,
				AE70B3E929004456002E00E5 /* Sources */,
				AE70B3EA29004456002E00E5 /* Frameworks */,
				AE70B3EB29004456002E00E5 /* Resources */,
				80A094ACA1EBDAAEFAE21CE4 /* [CP] Embed Pods Frameworks */,
			);
			buildRules = (
			);
			dependencies = (
			);
			name = ContactList;
			productName = ContactList;
			productReference = AE70B3ED29004456002E00E5 /* ContactList.app */;
			productType = "com.apple.product-type.application";
		};
/* End PBXNativeTarget section */

/* Begin PBXProject section */
		AE70B3E529004456002E00E5 /* Project object */ = {
			isa = PBXProject;
			attributes = {
				BuildIndependentTargetsInParallel = 1;
				LastSwiftUpdateCheck = 1400;
				LastUpgradeCheck = 1400;
				TargetAttributes = {
					AE70B3EC29004456002E00E5 = {
						CreatedOnToolsVersion = 14.0.1;
					};
				};
			};
			buildConfigurationList = AE70B3E829004456002E00E5 /* Build configuration list for PBXProject "ContactList" */;
			compatibilityVersion = "Xcode 14.0";
			developmentRegion = en;
			hasScannedForEncodings = 0;
			knownRegions = (
				en,
				Base,
			);
			mainGroup = AE70B3E429004456002E00E5;
			productRefGroup = AE70B3EE29004456002E00E5 /* Products */;
			projectDirPath = "";
			projectRoot = "";
			targets = (
				AE70B3EC29004456002E00E5 /* ContactList */,
			);
		};
/* End PBXProject section */

/* Begin PBXResourcesBuildPhase section */
		AE70B3EB29004456002E00E5 /* Resources */ = {
			isa = PBXResourcesBuildPhase;
			buildActionMask = 2147483647;
			files = (
				AE70B40029004456002E00E5 /* LaunchScreen.storyboard in Resources */,
				AE70B40C29004AF2002E00E5 /* ContactsTableCell.xib in Resources */,
				AE70B3FD29004456002E00E5 /* Assets.xcassets in Resources */,
				AE70B3F829004456002E00E5 /* Main.storyboard in Resources */,
			);
			runOnlyForDeploymentPostprocessing = 0;
		};
/* End PBXResourcesBuildPhase section */

/* Begin PBXShellScriptBuildPhase section */
		1BA6971BC94247FD0CFCCCB3 /* [CP] Check Pods Manifest.lock */ = {
			isa = PBXShellScriptBuildPhase;
			buildActionMask = 2147483647;
			files = (
			);
			inputFileListPaths = (
			);
			inputPaths = (
				"${PODS_PODFILE_DIR_PATH}/Podfile.lock",
				"${PODS_ROOT}/Manifest.lock",
			);
			name = "[CP] Check Pods Manifest.lock";
			outputFileListPaths = (
			);
			outputPaths = (
				"$(DERIVED_FILE_DIR)/Pods-ContactList-checkManifestLockResult.txt",
			);
			runOnlyForDeploymentPostprocessing = 0;
			shellPath = /bin/sh;
			shellScript = "diff \"${PODS_PODFILE_DIR_PATH}/Podfile.lock\" \"${PODS_ROOT}/Manifest.lock\" > /dev/null\nif [ $? != 0 ] ; then\n    # print error to STDERR\n    echo \"error: The sandbox is not in sync with the Podfile.lock. Run 'pod install' or update your CocoaPods installation.\" >&2\n    exit 1\nfi\n# This output is used by Xcode 'outputs' to avoid re-running this script phase.\necho \"SUCCESS\" > \"${SCRIPT_OUTPUT_FILE_0}\"\n";
			showEnvVarsInLog = 0;
		};
		80A094ACA1EBDAAEFAE21CE4 /* [CP] Embed Pods Frameworks */ = {
			isa = PBXShellScriptBuildPhase;
			buildActionMask = 2147483647;
			files = (
			);
			inputFileListPaths = (
				"${PODS_ROOT}/Target Support Files/Pods-ContactList/Pods-ContactList-frameworks-${CONFIGURATION}-input-files.xcfilelist",
			);
			name = "[CP] Embed Pods Frameworks";
			outputFileListPaths = (
				"${PODS_ROOT}/Target Support Files/Pods-ContactList/Pods-ContactList-frameworks-${CONFIGURATION}-output-files.xcfilelist",
			);
			runOnlyForDeploymentPostprocessing = 0;
			shellPath = /bin/sh;
			shellScript = "\"${PODS_ROOT}/Target Support Files/Pods-ContactList/Pods-ContactList-frameworks.sh\"\n";
			showEnvVarsInLog = 0;
		};
/* End PBXShellScriptBuildPhase section */

/* Begin PBXSourcesBuildPhase section */
		AE70B3E929004456002E00E5 /* Sources */ = {
			isa = PBXSourcesBuildPhase;
			buildActionMask = 2147483647;
			files = (
				AE70B3FB29004456002E00E5 /* ContactList.xcdatamodeld in Sources */,
				AE70B41229005AE6002E00E5 /* UserModel.swift in Sources */,
				AE70B3F129004456002E00E5 /* AppDelegate.swift in Sources */,
				AE70B41029005AD0002E00E5 /* Parser.swift in Sources */,
				AE70B3F329004456002E00E5 /* SceneDelegate.swift in Sources */,
				AE70B40B29004AF2002E00E5 /* ContactsTableCell.swift in Sources */,
				AE9FD06E2905AA6F0014F1F3 /* User+CoreDataClass.swift in Sources */,
				AE70B40E290050AE002E00E5 /* ContactListVC.swift in Sources */,
				AE9FD06F2905AA6F0014F1F3 /* User+CoreDataProperties.swift in Sources */,
			);
			runOnlyForDeploymentPostprocessing = 0;
		};
/* End PBXSourcesBuildPhase section */

/* Begin PBXVariantGroup section */
		AE70B3F629004456002E00E5 /* Main.storyboard */ = {
			isa = PBXVariantGroup;
			children = (
				AE70B3F729004456002E00E5 /* Base */,
			);
			name = Main.storyboard;
			sourceTree = "<group>";
		};
		AE70B3FE29004456002E00E5 /* LaunchScreen.storyboard */ = {
			isa = PBXVariantGroup;
			children = (
				AE70B3FF29004456002E00E5 /* Base */,
			);
			name = LaunchScreen.storyboard;
			sourceTree = "<group>";
		};
/* End PBXVariantGroup section */

/* Begin XCBuildConfiguration section */
		AE70B40229004456002E00E5 /* Debug */ = {
			isa = XCBuildConfiguration;
			buildSettings = {
				ALWAYS_SEARCH_USER_PATHS = NO;
				CLANG_ANALYZER_NONNULL = YES;
				CLANG_ANALYZER_NUMBER_OBJECT_CONVERSION = YES_AGGRESSIVE;
				CLANG_CXX_LANGUAGE_STANDARD = "gnu++20";
				CLANG_ENABLE_MODULES = YES;
				CLANG_ENABLE_OBJC_ARC = YES;
				CLANG_ENABLE_OBJC_WEAK = YES;
				CLANG_WARN_BLOCK_CAPTURE_AUTORELEASING = YES;
				CLANG_WARN_BOOL_CONVERSION = YES;
				CLANG_WARN_COMMA = YES;
				CLANG_WARN_CONSTANT_CONVERSION = YES;
				CLANG_WARN_DEPRECATED_OBJC_IMPLEMENTATIONS = YES;
				CLANG_WARN_DIRECT_OBJC_ISA_USAGE = YES_ERROR;
				CLANG_WARN_DOCUMENTATION_COMMENTS = YES;
				CLANG_WARN_EMPTY_BODY = YES;
				CLANG_WARN_ENUM_CONVERSION = YES;
				CLANG_WARN_INFINITE_RECURSION = YES;
				CLANG_WARN_INT_CONVERSION = YES;
				CLANG_WARN_NON_LITERAL_NULL_CONVERSION = YES;
				CLANG_WARN_OBJC_IMPLICIT_RETAIN_SELF = YES;
				CLANG_WARN_OBJC_LITERAL_CONVERSION = YES;
				CLANG_WARN_OBJC_ROOT_CLASS = YES_ERROR;
				CLANG_WARN_QUOTED_INCLUDE_IN_FRAMEWORK_HEADER = YES;
				CLANG_WARN_RANGE_LOOP_ANALYSIS = YES;
				CLANG_WARN_STRICT_PROTOTYPES = YES;
				CLANG_WARN_SUSPICIOUS_MOVE = YES;
				CLANG_WARN_UNGUARDED_AVAILABILITY = YES_AGGRESSIVE;
				CLANG_WARN_UNREACHABLE_CODE = YES;
				CLANG_WARN__DUPLICATE_METHOD_MATCH = YES;
				COPY_PHASE_STRIP = NO;
				DEBUG_INFORMATION_FORMAT = dwarf;
				ENABLE_STRICT_OBJC_MSGSEND = YES;
				ENABLE_TESTABILITY = YES;
				GCC_C_LANGUAGE_STANDARD = gnu11;
				GCC_DYNAMIC_NO_PIC = NO;
				GCC_NO_COMMON_BLOCKS = YES;
				GCC_OPTIMIZATION_LEVEL = 0;
				GCC_PREPROCESSOR_DEFINITIONS = (
					"DEBUG=1",
					"$(inherited)",
				);
				GCC_WARN_64_TO_32_BIT_CONVERSION = YES;
				GCC_WARN_ABOUT_RETURN_TYPE = YES_ERROR;
				GCC_WARN_UNDECLARED_SELECTOR = YES;
				GCC_WARN_UNINITIALIZED_AUTOS = YES_AGGRESSIVE;
				GCC_WARN_UNUSED_FUNCTION = YES;
				GCC_WARN_UNUSED_VARIABLE = YES;
				IPHONEOS_DEPLOYMENT_TARGET = 16.0;
				MTL_ENABLE_DEBUG_INFO = INCLUDE_SOURCE;
				MTL_FAST_MATH = YES;
				ONLY_ACTIVE_ARCH = YES;
				SDKROOT = iphoneos;
				SWIFT_ACTIVE_COMPILATION_CONDITIONS = DEBUG;
				SWIFT_OPTIMIZATION_LEVEL = "-Onone";
			};
			name = Debug;
		};
		AE70B40329004456002E00E5 /* Release */ = {
			isa = XCBuildConfiguration;
			buildSettings = {
				ALWAYS_SEARCH_USER_PATHS = NO;
				CLANG_ANALYZER_NONNULL = YES;
				CLANG_ANALYZER_NUMBER_OBJECT_CONVERSION = YES_AGGRESSIVE;
				CLANG_CXX_LANGUAGE_STANDARD = "gnu++20";
				CLANG_ENABLE_MODULES = YES;
				CLANG_ENABLE_OBJC_ARC = YES;
				CLANG_ENABLE_OBJC_WEAK = YES;
				CLANG_WARN_BLOCK_CAPTURE_AUTORELEASING = YES;
				CLANG_WARN_BOOL_CONVERSION = YES;
				CLANG_WARN_COMMA = YES;
				CLANG_WARN_CONSTANT_CONVERSION = YES;
				CLANG_WARN_DEPRECATED_OBJC_IMPLEMENTATIONS = YES;
				CLANG_WARN_DIRECT_OBJC_ISA_USAGE = YES_ERROR;
				CLANG_WARN_DOCUMENTATION_COMMENTS = YES;
				CLANG_WARN_EMPTY_BODY = YES;
				CLANG_WARN_ENUM_CONVERSION = YES;
				CLANG_WARN_INFINITE_RECURSION = YES;
				CLANG_WARN_INT_CONVERSION = YES;
				CLANG_WARN_NON_LITERAL_NULL_CONVERSION = YES;
				CLANG_WARN_OBJC_IMPLICIT_RETAIN_SELF = YES;
				CLANG_WARN_OBJC_LITERAL_CONVERSION = YES;
				CLANG_WARN_OBJC_ROOT_CLASS = YES_ERROR;
				CLANG_WARN_QUOTED_INCLUDE_IN_FRAMEWORK_HEADER = YES;
				CLANG_WARN_RANGE_LOOP_ANALYSIS = YES;
				CLANG_WARN_STRICT_PROTOTYPES = YES;
				CLANG_WARN_SUSPICIOUS_MOVE = YES;
				CLANG_WARN_UNGUARDED_AVAILABILITY = YES_AGGRESSIVE;
				CLANG_WARN_UNREACHABLE_CODE = YES;
				CLANG_WARN__DUPLICATE_METHOD_MATCH = YES;
				COPY_PHASE_STRIP = NO;
				DEBUG_INFORMATION_FORMAT = "dwarf-with-dsym";
				ENABLE_NS_ASSERTIONS = NO;
				ENABLE_STRICT_OBJC_MSGSEND = YES;
				GCC_C_LANGUAGE_STANDARD = gnu11;
				GCC_NO_COMMON_BLOCKS = YES;
				GCC_WARN_64_TO_32_BIT_CONVERSION = YES;
				GCC_WARN_ABOUT_RETURN_TYPE = YES_ERROR;
				GCC_WARN_UNDECLARED_SELECTOR = YES;
				GCC_WARN_UNINITIALIZED_AUTOS = YES_AGGRESSIVE;
				GCC_WARN_UNUSED_FUNCTION = YES;
				GCC_WARN_UNUSED_VARIABLE = YES;
				IPHONEOS_DEPLOYMENT_TARGET = 16.0;
				MTL_ENABLE_DEBUG_INFO = NO;
				MTL_FAST_MATH = YES;
				SDKROOT = iphoneos;
				SWIFT_COMPILATION_MODE = wholemodule;
				SWIFT_OPTIMIZATION_LEVEL = "-O";
				VALIDATE_PRODUCT = YES;
			};
			name = Release;
		};
		AE70B40529004456002E00E5 /* Debug */ = {
			isa = XCBuildConfiguration;
			baseConfigurationReference = 9AB41D4D625223658619D12C /* Pods-ContactList.debug.xcconfig */;
			buildSettings = {
				ASSETCATALOG_COMPILER_APPICON_NAME = AppIcon;
				ASSETCATALOG_COMPILER_GLOBAL_ACCENT_COLOR_NAME = AccentColor;
				CODE_SIGN_STYLE = Automatic;
				CURRENT_PROJECT_VERSION = 1;
				DEVELOPMENT_TEAM = RC278SCP9R;
				GENERATE_INFOPLIST_FILE = YES;
				INFOPLIST_FILE = ContactList/Info.plist;
				INFOPLIST_KEY_UIApplicationSupportsIndirectInputEvents = YES;
				INFOPLIST_KEY_UILaunchStoryboardName = LaunchScreen;
				INFOPLIST_KEY_UIMainStoryboardFile = Main;
				INFOPLIST_KEY_UISupportedInterfaceOrientations_iPad = "UIInterfaceOrientationPortrait UIInterfaceOrientationPortraitUpsideDown UIInterfaceOrientationLandscapeLeft UIInterfaceOrientationLandscapeRight";
				INFOPLIST_KEY_UISupportedInterfaceOrientations_iPhone = "UIInterfaceOrientationPortrait UIInterfaceOrientationLandscapeLeft UIInterfaceOrientationLandscapeRight";
				LD_RUNPATH_SEARCH_PATHS = (
					"$(inherited)",
					"@executable_path/Frameworks",
				);
				MARKETING_VERSION = 1.0;
				PRODUCT_BUNDLE_IDENTIFIER = com.armoons.ContactList;
				PRODUCT_NAME = "$(TARGET_NAME)";
				SWIFT_EMIT_LOC_STRINGS = YES;
				SWIFT_VERSION = 5.0;
				TARGETED_DEVICE_FAMILY = "1,2";
			};
			name = Debug;
		};
		AE70B40629004456002E00E5 /* Release */ = {
			isa = XCBuildConfiguration;
			baseConfigurationReference = 4417D584C472337DEB4F8089 /* Pods-ContactList.release.xcconfig */;
			buildSettings = {
				ASSETCATALOG_COMPILER_APPICON_NAME = AppIcon;
				ASSETCATALOG_COMPILER_GLOBAL_ACCENT_COLOR_NAME = AccentColor;
				CODE_SIGN_STYLE = Automatic;
				CURRENT_PROJECT_VERSION = 1;
				DEVELOPMENT_TEAM = RC278SCP9R;
				GENERATE_INFOPLIST_FILE = YES;
				INFOPLIST_FILE = ContactList/Info.plist;
				INFOPLIST_KEY_UIApplicationSupportsIndirectInputEvents = YES;
				INFOPLIST_KEY_UILaunchStoryboardName = LaunchScreen;
				INFOPLIST_KEY_UIMainStoryboardFile = Main;
				INFOPLIST_KEY_UISupportedInterfaceOrientations_iPad = "UIInterfaceOrientationPortrait UIInterfaceOrientationPortraitUpsideDown UIInterfaceOrientationLandscapeLeft UIInterfaceOrientationLandscapeRight";
				INFOPLIST_KEY_UISupportedInterfaceOrientations_iPhone = "UIInterfaceOrientationPortrait UIInterfaceOrientationLandscapeLeft UIInterfaceOrientationLandscapeRight";
				LD_RUNPATH_SEARCH_PATHS = (
					"$(inherited)",
					"@executable_path/Frameworks",
				);
				MARKETING_VERSION = 1.0;
				PRODUCT_BUNDLE_IDENTIFIER = com.armoons.ContactList;
				PRODUCT_NAME = "$(TARGET_NAME)";
				SWIFT_EMIT_LOC_STRINGS = YES;
				SWIFT_VERSION = 5.0;
				TARGETED_DEVICE_FAMILY = "1,2";
			};
			name = Release;
		};
/* End XCBuildConfiguration section */

/* Begin XCConfigurationList section */
		AE70B3E829004456002E00E5 /* Build configuration list for PBXProject "ContactList" */ = {
			isa = XCConfigurationList;
			buildConfigurations = (
				AE70B40229004456002E00E5 /* Debug */,
				AE70B40329004456002E00E5 /* Release */,
			);
			defaultConfigurationIsVisible = 0;
			defaultConfigurationName = Release;
		};
		AE70B40429004456002E00E5 /* Build configuration list for PBXNativeTarget "ContactList" */ = {
			isa = XCConfigurationList;
			buildConfigurations = (
				AE70B40529004456002E00E5 /* Debug */,
				AE70B40629004456002E00E5 /* Release */,
			);
			defaultConfigurationIsVisible = 0;
			defaultConfigurationName = Release;
		};
/* End XCConfigurationList section */

/* Begin XCVersionGroup section */
		AE70B3F929004456002E00E5 /* ContactList.xcdatamodeld */ = {
			isa = XCVersionGroup;
			children = (
				AE70B3FA29004456002E00E5 /* ContactList.xcdatamodel */,
			);
			currentVersion = AE70B3FA29004456002E00E5 /* ContactList.xcdatamodel */;
			path = ContactList.xcdatamodeld;
			sourceTree = "<group>";
			versionGroupType = wrapper.xcdatamodel;
		};
/* End XCVersionGroup section */
	};
	rootObject = AE70B3E529004456002E00E5 /* Project object */;
}
